
Microsoft Visual Studio Solution File, Format Version 12.00
# Visual Studio 15
VisualStudioVersion = 15.0.27428.2015
MinimumVisualStudioVersion = 10.0.40219.1
Project("{FAE04EC0-301F-11D3-BF4B-00C04F79EFBC}") = "WpfApp1", "WpfApp1\WpfApp1.csproj", "{BA378470-5B05-4FD7-BA6E-D29BD6BC44C0}"
EndProject
Global
	GlobalSection(SolutionConfigurationPlatforms) = preSolution
		Debug|Any CPU = Debug|Any CPU
		Release|Any CPU = Release|Any CPU
	EndGlobalSection
	GlobalSection(ProjectConfigurationPlatforms) = postSolution
		{BA378470-5B05-4FD7-BA6E-D29BD6BC44C0}.Debug|Any CPU.ActiveCfg = Debug|Any CPU
		{BA378470-5B05-4FD7-BA6E-D29BD6BC44C0}.Debug|Any CPU.Build.0 = Debug|Any CPU
		{BA378470-5B05-4FD7-BA6E-D29BD6BC44C0}.Release|Any CPU.ActiveCfg = Release|Any CPU
		{BA378470-5B05-4FD7-BA6E-D29BD6BC44C0}.Release|Any CPU.Build.0 = Release|Any CPU
	EndGlobalSection
	GlobalSection(SolutionProperties) = preSolution
		HideSolutionNode = FALSE
	EndGlobalSection
	GlobalSection(ExtensibilityGlobals) = postSolution
		SolutionGuid = {A16B81C0-D815-4583-A4DA-9C0C78351F89}
	EndGlobalSection
EndGlobal
